<?xml version="1.0" encoding="utf-8"?>
<Project ToolsVersion="4.0" xmlns="http://schemas.microsoft.com/developer/msbuild/2003">
  <ItemGroup>
    <Filter Include="Data">
      <UniqueIdentifier>{2c65ade6-2d75-4bec-9ec5-65106156745e}</UniqueIdentifier>
    </Filter>
    <Filter Include="Data\Test_BasicShader">
      <UniqueIdentifier>{a92cc96a-20b2-4c79-be2e-efae8afb9873}</UniqueIdentifier>
    </Filter>
    <Filter Include="Data\Test_MixTex">
      <UniqueIdentifier>{a2b42709-a5da-44df-9893-a04afe885bad}</UniqueIdentifier>
    </Filter>
    <Filter Include="Data\Test_TextureCube">
      <UniqueIdentifier>{ca01da64-84c0-4ac6-9181-688533715bd7}</UniqueIdentifier>
    </Filter>
    <Filter Include="Headers">
      <UniqueIdentifier>{6421be69-6464-4d8b-a6d0-62be82cda5c8}</UniqueIdentifier>
    </Filter>
    <Filter Include="Sources">
      <UniqueIdentifier>{4FC737F1-C7A5-4376-A066-2A32D752A2FF}</UniqueIdentifier>
      <Extensions>cpp;c;cc;cxx;def;odl;idl;hpj;bat;asm;asmx</Extensions>
    </Filter>
  </ItemGroup>
  <ItemGroup>
    <None Include="Data\Test_BasicShader\test.ps">
      <Filter>Data\Test_BasicShader</Filter>
    </None>
    <None Include="Data\Test_BasicShader\test.vs">
      <Filter>Data\Test_BasicShader</Filter>
    </None>
    <None Include="Data\Test_MixTex\test.ps">
      <Filter>Data\Test_MixTex</Filter>
    </None>
    <None Include="Data\Test_MixTex\test.vs">
      <Filter>Data\Test_MixTex</Filter>
    </None>
    <None Include="Data\Test_TextureCube\test.ps">
      <Filter>Data\Test_TextureCube</Filter>
    </None>
    <None Include="Data\Test_TextureCube\test.vs">
      <Filter>Data\Test_TextureCube</Filter>
    </None>
    <None Include="packages.config" />
  </ItemGroup>
  <ItemGroup>
    <Image Include="Data\Test_MixTex\tex1.dds">
      <Filter>Data\Test_MixTex</Filter>
    </Image>
    <Image Include="Data\Test_MixTex\tex2.dds">
      <Filter>Data\Test_MixTex</Filter>
    </Image>
    <Image Include="Data\Test_TextureCube\tex.dds">
      <Filter>Data\Test_TextureCube</Filter>
    </Image>
  </ItemGroup>
  <ItemGroup>
    <ClInclude Include="..\Src\Test\Test_BasicShader.h">
      <Filter>Headers</Filter>
    </ClInclude>
    <ClInclude Include="..\Src\Test\Test_HeightMap.h">
      <Filter>Headers</Filter>
    </ClInclude>
    <ClInclude Include="..\Src\Test\Test_MixTex.h">
      <Filter>Headers</Filter>
    </ClInclude>
    <ClInclude Include="..\Src\Test\Test_TextureCube.h">
      <Filter>Headers</Filter>
    </ClInclude>
    <ClInclude Include="..\Src\Test\TestApp.h">
      <Filter>Headers</Filter>
    </ClInclude>
    <ClInclude Include="..\Src\Test\Test_NormalMap.h">
      <Filter>Headers</Filter>
    </ClInclude>
  </ItemGroup>
  <ItemGroup>
    <ClCompile Include="..\Src\Test\Main.cpp">
      <Filter>Sources</Filter>
    </ClCompile>
    <ClCompile Include="..\Src\Test\TestApp.cpp">
      <Filter>Sources</Filter>
    </ClCompile>
  </ItemGroup>
</Project>